
Microsoft Visual Studio Solution File, Format Version 12.00
# Visual Studio Version 16
VisualStudioVersion = 16.0.31729.503
MinimumVisualStudioVersion = 10.0.40219.1
Project("{FAE04EC0-301F-11D3-BF4B-00C04F79EFBC}") = "addresbook-web-tests2", "addresbook-web-tests2\addresbook-web-tests2.csproj", "{402947C4-F609-40CA-BD18-FE7E0EB116A6}"
EndProject
Project("{FAE04EC0-301F-11D3-BF4B-00C04F79EFBC}") = "addressbook-test-data-generator", "addressbook-test-data-generator\addressbook-test-data-generator.csproj", "{FB3422B1-6286-4E53-ABE2-A0DB29765860}"
	ProjectSection(ProjectDependencies) = postProject
		{402947C4-F609-40CA-BD18-FE7E0EB116A6} = {402947C4-F609-40CA-BD18-FE7E0EB116A6}
	EndProjectSection
EndProject
Global
	GlobalSection(SolutionConfigurationPlatforms) = preSolution
		Debug|Any CPU = Debug|Any CPU
		Release|Any CPU = Release|Any CPU
	EndGlobalSection
	GlobalSection(ProjectConfigurationPlatforms) = postSolution
		{402947C4-F609-40CA-BD18-FE7E0EB116A6}.Debug|Any CPU.ActiveCfg = Debug|Any CPU
		{402947C4-F609-40CA-BD18-FE7E0EB116A6}.Debug|Any CPU.Build.0 = Debug|Any CPU
		{402947C4-F609-40CA-BD18-FE7E0EB116A6}.Release|Any CPU.ActiveCfg = Release|Any CPU
		{402947C4-F609-40CA-BD18-FE7E0EB116A6}.Release|Any CPU.Build.0 = Release|Any CPU
		{FB3422B1-6286-4E53-ABE2-A0DB29765860}.Debug|Any CPU.ActiveCfg = Debug|Any CPU
		{FB3422B1-6286-4E53-ABE2-A0DB29765860}.Debug|Any CPU.Build.0 = Debug|Any CPU
		{FB3422B1-6286-4E53-ABE2-A0DB29765860}.Release|Any CPU.ActiveCfg = Release|Any CPU
		{FB3422B1-6286-4E53-ABE2-A0DB29765860}.Release|Any CPU.Build.0 = Release|Any CPU
	EndGlobalSection
	GlobalSection(SolutionProperties) = preSolution
		HideSolutionNode = FALSE
	EndGlobalSection
	GlobalSection(ExtensibilityGlobals) = postSolution
		SolutionGuid = {B0003952-C62C-4F22-9C56-D25D997EC16B}
	EndGlobalSection
EndGlobal
