
Microsoft Visual Studio Solution File, Format Version 12.00
# Visual Studio Version 16
VisualStudioVersion = 16.0.31729.503
MinimumVisualStudioVersion = 10.0.40219.1
Project("{FAE04EC0-301F-11D3-BF4B-00C04F79EFBC}") = "addressbook_tests_autoit", "addressbook_tests_autoit\addressbook_tests_autoit.csproj", "{906FBB74-0E7D-41D3-868B-56D64D968771}"
EndProject
Global
	GlobalSection(SolutionConfigurationPlatforms) = preSolution
		Debug|Any CPU = Debug|Any CPU
		Release|Any CPU = Release|Any CPU
	EndGlobalSection
	GlobalSection(ProjectConfigurationPlatforms) = postSolution
		{906FBB74-0E7D-41D3-868B-56D64D968771}.Debug|Any CPU.ActiveCfg = Debug|Any CPU
		{906FBB74-0E7D-41D3-868B-56D64D968771}.Debug|Any CPU.Build.0 = Debug|Any CPU
		{906FBB74-0E7D-41D3-868B-56D64D968771}.Release|Any CPU.ActiveCfg = Release|Any CPU
		{906FBB74-0E7D-41D3-868B-56D64D968771}.Release|Any CPU.Build.0 = Release|Any CPU
	EndGlobalSection
	GlobalSection(SolutionProperties) = preSolution
		HideSolutionNode = FALSE
	EndGlobalSection
	GlobalSection(ExtensibilityGlobals) = postSolution
		SolutionGuid = {12D577B4-D8EA-49AE-8BBF-18C6A3400DF0}
	EndGlobalSection
EndGlobal
